
Microsoft Visual Studio Solution File, Format Version 11.00
# Visual C# Express 2010
Project("{FAE04EC0-301F-11D3-BF4B-00C04F79EFBC}") = "GearsDebug", "GearsDebug\GearsDebug.csproj", "{80256CA4-B727-468D-A9CA-6FB03C29CF50}"
EndProject
Project("{FAE04EC0-301F-11D3-BF4B-00C04F79EFBC}") = "GearsVGE", "..\GearsVGE\GearsVGE\GearsVGE.csproj", "{B3F2860E-45F9-4BB3-B936-E749660F1969}"
EndProject
Project("{FAE04EC0-301F-11D3-BF4B-00C04F79EFBC}") = "GearsDebugContent", "GearsDebug\Content\GearsDebugContent.contentproj", "{F6E410CD-7923-44CF-ABF7-976DCA2B1C95}"
EndProject
Global
	GlobalSection(SolutionConfigurationPlatforms) = preSolution
		Debug|x86 = Debug|x86
		Release|x86 = Release|x86
	EndGlobalSection
	GlobalSection(ProjectConfigurationPlatforms) = postSolution
		{80256CA4-B727-468D-A9CA-6FB03C29CF50}.Debug|x86.ActiveCfg = Debug|x86
		{80256CA4-B727-468D-A9CA-6FB03C29CF50}.Debug|x86.Build.0 = Debug|x86
		{80256CA4-B727-468D-A9CA-6FB03C29CF50}.Release|x86.ActiveCfg = Release|x86
		{80256CA4-B727-468D-A9CA-6FB03C29CF50}.Release|x86.Build.0 = Release|x86
		{B3F2860E-45F9-4BB3-B936-E749660F1969}.Debug|x86.ActiveCfg = Debug|x86
		{B3F2860E-45F9-4BB3-B936-E749660F1969}.Debug|x86.Build.0 = Debug|x86
		{B3F2860E-45F9-4BB3-B936-E749660F1969}.Release|x86.ActiveCfg = Release|x86
		{B3F2860E-45F9-4BB3-B936-E749660F1969}.Release|x86.Build.0 = Release|x86
		{F6E410CD-7923-44CF-ABF7-976DCA2B1C95}.Debug|x86.ActiveCfg = Debug|Any CPU
		{F6E410CD-7923-44CF-ABF7-976DCA2B1C95}.Release|x86.ActiveCfg = Debug|Any CPU
	EndGlobalSection
	GlobalSection(SolutionProperties) = preSolution
		HideSolutionNode = FALSE
	EndGlobalSection
EndGlobal
